github.com/openfluke/webgpu v0.0.2 h1:pI4NzdyM0fyGCWkb/SKkw+y5VaOkViTWaThYtKaHlIo=
github.com/openfluke/webgpu v0.0.2/go.mod h1:072J6eEkBj9KgFzMY1RMgscUnu3EfTZsQABObSMZy1c=
github.com/openfluke/webgpu v1.0.3 h1:XMfiRY5Fjbio1/TQbb90+ZDUccAFSlG3WA341BhrMOs=
github.com/openfluke/webgpu v1.0.3/go.mod h1:072J6eEkBj9KgFzMY1RMgscUnu3EfTZsQABObSMZy1c=
